
Microsoft Visual Studio Solution File, Format Version 12.00
# Visual Studio Version 17
VisualStudioVersion = 17.12.35527.113
MinimumVisualStudioVersion = 10.0.40219.1
Project("{FAE04EC0-301F-11D3-BF4B-00C04F79EFBC}") = "BM_API", "BM_API\BM_API.csproj", "{6D1A7F8B-A7FF-47C8-A55C-BF09DDA9A949}"
EndProject
Project("{FAE04EC0-301F-11D3-BF4B-00C04F79EFBC}") = "BM_Web", "BM_Web\BM_Web.csproj", "{0B2AFD40-89E0-4955-8D01-E84DF6C26E65}"
EndProject
Global
	GlobalSection(SolutionConfigurationPlatforms) = preSolution
		Debug|Any CPU = Debug|Any CPU
		Release|Any CPU = Release|Any CPU
	EndGlobalSection
	GlobalSection(ProjectConfigurationPlatforms) = postSolution
		{6D1A7F8B-A7FF-47C8-A55C-BF09DDA9A949}.Debug|Any CPU.ActiveCfg = Debug|Any CPU
		{6D1A7F8B-A7FF-47C8-A55C-BF09DDA9A949}.Debug|Any CPU.Build.0 = Debug|Any CPU
		{6D1A7F8B-A7FF-47C8-A55C-BF09DDA9A949}.Release|Any CPU.ActiveCfg = Release|Any CPU
		{6D1A7F8B-A7FF-47C8-A55C-BF09DDA9A949}.Release|Any CPU.Build.0 = Release|Any CPU
		{0B2AFD40-89E0-4955-8D01-E84DF6C26E65}.Debug|Any CPU.ActiveCfg = Debug|Any CPU
		{0B2AFD40-89E0-4955-8D01-E84DF6C26E65}.Debug|Any CPU.Build.0 = Debug|Any CPU
		{0B2AFD40-89E0-4955-8D01-E84DF6C26E65}.Release|Any CPU.ActiveCfg = Release|Any CPU
		{0B2AFD40-89E0-4955-8D01-E84DF6C26E65}.Release|Any CPU.Build.0 = Release|Any CPU
	EndGlobalSection
	GlobalSection(SolutionProperties) = preSolution
		HideSolutionNode = FALSE
	EndGlobalSection
EndGlobal
